
Microsoft Visual Studio Solution File, Format Version 12.00
# Visual Studio 2015
Project("{FAE04EC0-301F-11D3-BF4B-00C04F79EFBC}") = "RENEGADES", "RENEGADES.csproj", "{A0532BD0-A7C6-65A5-C813-8762907C5825}"
EndProject
Project("{FAE04EC0-301F-11D3-BF4B-00C04F79EFBC}") = "RENEGADES.Editor", "RENEGADES.Editor.csproj", "{205B5580-A5CA-0183-04D1-76606E868B6A}"
EndProject
Global
	GlobalSection(SolutionConfigurationPlatforms) = preSolution
		Debug|Any CPU = Debug|Any CPU
		Release|Any CPU = Release|Any CPU
	EndGlobalSection
	GlobalSection(ProjectConfigurationPlatforms) = postSolution
		{A0532BD0-A7C6-65A5-C813-8762907C5825}.Debug|Any CPU.ActiveCfg = Debug|Any CPU
		{A0532BD0-A7C6-65A5-C813-8762907C5825}.Debug|Any CPU.Build.0 = Debug|Any CPU
		{A0532BD0-A7C6-65A5-C813-8762907C5825}.Release|Any CPU.ActiveCfg = Release|Any CPU
		{A0532BD0-A7C6-65A5-C813-8762907C5825}.Release|Any CPU.Build.0 = Release|Any CPU
		{205B5580-A5CA-0183-04D1-76606E868B6A}.Debug|Any CPU.ActiveCfg = Debug|Any CPU
		{205B5580-A5CA-0183-04D1-76606E868B6A}.Debug|Any CPU.Build.0 = Debug|Any CPU
		{205B5580-A5CA-0183-04D1-76606E868B6A}.Release|Any CPU.ActiveCfg = Release|Any CPU
		{205B5580-A5CA-0183-04D1-76606E868B6A}.Release|Any CPU.Build.0 = Release|Any CPU
	EndGlobalSection
	GlobalSection(SolutionProperties) = preSolution
		HideSolutionNode = FALSE
	EndGlobalSection
EndGlobal
